
Microsoft Visual Studio Solution File, Format Version 12.00
# Visual Studio Version 16
VisualStudioVersion = 16.0.810.19
MinimumVisualStudioVersion = 10.0.40219.1
Project("{FAE04EC0-301F-11D3-BF4B-00C04F79EFBC}") = "week1", "week1\week1.csproj", "{3658E893-BBD8-4220-8FCB-A201F7E00E3B}"
EndProject
Global
	GlobalSection(SolutionConfigurationPlatforms) = preSolution
		Debug|Any CPU = Debug|Any CPU
		Release|Any CPU = Release|Any CPU
	EndGlobalSection
	GlobalSection(ProjectConfigurationPlatforms) = postSolution
		{3658E893-BBD8-4220-8FCB-A201F7E00E3B}.Debug|Any CPU.ActiveCfg = Debug|Any CPU
		{3658E893-BBD8-4220-8FCB-A201F7E00E3B}.Debug|Any CPU.Build.0 = Debug|Any CPU
		{3658E893-BBD8-4220-8FCB-A201F7E00E3B}.Release|Any CPU.ActiveCfg = Release|Any CPU
		{3658E893-BBD8-4220-8FCB-A201F7E00E3B}.Release|Any CPU.Build.0 = Release|Any CPU
	EndGlobalSection
	GlobalSection(SolutionProperties) = preSolution
		HideSolutionNode = FALSE
	EndGlobalSection
	GlobalSection(ExtensibilityGlobals) = postSolution
		SolutionGuid = {1C34877C-3C50-4768-9FE4-41ACBFA48333}
	EndGlobalSection
EndGlobal
